{
  "R": {
    "Version": "4.6.1",
    "Repositories": [
      { "Name": "CRAN", "URL": "https://cloud.r-project.org" }
    ]
  },
  "Packages": {
    "DT": {
      "Package": "DT",
      "Version": "0.34.0",
      "Source": "Repository",
      "Repository": "CRAN"
    },
    "plotly": {
      "Package": "plotly",
      "Version": "4.12.1",
      "Source": "Repository",
      "Repository": "CRAN"
    },
    "renv": {
      "Package": "renv",
      "Version": "1.2.4",
      "Source": "Repository",
      "Repository": "CRAN"
    }
  }
}
